
Microsoft Visual Studio Solution File, Format Version 12.00
# Visual Studio Version 16
VisualStudioVersion = 16.0.28803.202
MinimumVisualStudioVersion = 10.0.40219.1
Project("{FAE04EC0-301F-11D3-BF4B-00C04F79EFBC}") = "llcom", "llcom\llcom.csproj", "{9365FB7C-D213-49EE-A668-1A5834AAAD06}"
EndProject
Global
	GlobalSection(SolutionConfigurationPlatforms) = preSolution
		Debug|x86 = Debug|x86
		Release|x86 = Release|x86
	EndGlobalSection
	GlobalSection(ProjectConfigurationPlatforms) = postSolution
		{9365FB7C-D213-49EE-A668-1A5834AAAD06}.Debug|x86.ActiveCfg = Debug|x86
		{9365FB7C-D213-49EE-A668-1A5834AAAD06}.Debug|x86.Build.0 = Debug|x86
		{9365FB7C-D213-49EE-A668-1A5834AAAD06}.Release|x86.ActiveCfg = Release|Any CPU
		{9365FB7C-D213-49EE-A668-1A5834AAAD06}.Release|x86.Build.0 = Release|Any CPU
	EndGlobalSection
	GlobalSection(SolutionProperties) = preSolution
		HideSolutionNode = FALSE
	EndGlobalSection
	GlobalSection(ExtensibilityGlobals) = postSolution
		SolutionGuid = {D9C46282-6065-484D-9691-B7279A3DA57F}
	EndGlobalSection
EndGlobal
