
Microsoft Visual Studio Solution File, Format Version 12.00
# Visual Studio Version 17
VisualStudioVersion = 17.4.33213.308
MinimumVisualStudioVersion = 10.0.40219.1
Project("{9A19103F-16F7-4668-BE54-9A1E7A4F7556}") = "llcomNext", "llcomNext\llcomNext.csproj", "{CDB7B354-4BED-4827-8A7F-AAC60A30E0E1}"
EndProject
Project("{9A19103F-16F7-4668-BE54-9A1E7A4F7556}") = "XLua.Mini", "XLua.Mini\XLua.Mini.csproj", "{A5D36B4A-481D-4794-9FEB-DD2DCE9971FC}"
EndProject
Project("{FAE04EC0-301F-11D3-BF4B-00C04F79EFBC}") = "llcomTest", "llcomTest\llcomTest.csproj", "{D1EF720B-96B5-425C-B70A-0BDAB2812FC3}"
EndProject
Global
	GlobalSection(SolutionConfigurationPlatforms) = preSolution
		Debug|Any CPU = Debug|Any CPU
		Release|Any CPU = Release|Any CPU
	EndGlobalSection
	GlobalSection(ProjectConfigurationPlatforms) = postSolution
		{CDB7B354-4BED-4827-8A7F-AAC60A30E0E1}.Debug|Any CPU.ActiveCfg = Debug|Any CPU
		{CDB7B354-4BED-4827-8A7F-AAC60A30E0E1}.Debug|Any CPU.Build.0 = Debug|Any CPU
		{CDB7B354-4BED-4827-8A7F-AAC60A30E0E1}.Release|Any CPU.ActiveCfg = Release|Any CPU
		{CDB7B354-4BED-4827-8A7F-AAC60A30E0E1}.Release|Any CPU.Build.0 = Release|Any CPU
		{A5D36B4A-481D-4794-9FEB-DD2DCE9971FC}.Debug|Any CPU.ActiveCfg = Debug|Any CPU
		{A5D36B4A-481D-4794-9FEB-DD2DCE9971FC}.Debug|Any CPU.Build.0 = Debug|Any CPU
		{A5D36B4A-481D-4794-9FEB-DD2DCE9971FC}.Release|Any CPU.ActiveCfg = Release|Any CPU
		{A5D36B4A-481D-4794-9FEB-DD2DCE9971FC}.Release|Any CPU.Build.0 = Release|Any CPU
		{D1EF720B-96B5-425C-B70A-0BDAB2812FC3}.Debug|Any CPU.ActiveCfg = Debug|Any CPU
		{D1EF720B-96B5-425C-B70A-0BDAB2812FC3}.Debug|Any CPU.Build.0 = Debug|Any CPU
		{D1EF720B-96B5-425C-B70A-0BDAB2812FC3}.Release|Any CPU.ActiveCfg = Release|Any CPU
		{D1EF720B-96B5-425C-B70A-0BDAB2812FC3}.Release|Any CPU.Build.0 = Release|Any CPU
	EndGlobalSection
	GlobalSection(SolutionProperties) = preSolution
		HideSolutionNode = FALSE
	EndGlobalSection
	GlobalSection(ExtensibilityGlobals) = postSolution
		SolutionGuid = {2AE05A52-DB06-4578-A732-E83FD11FE5B4}
	EndGlobalSection
EndGlobal
